
Microsoft Visual Studio Solution File, Format Version 12.00
# Visual Studio Version 17
VisualStudioVersion = 17.7.34031.279
MinimumVisualStudioVersion = 10.0.40219.1
Project("{8BC9CEB8-8B4A-11D0-8D11-00A0C91BC942}") = "Project12_23_11_11", "Project12_23_11_11.vcxproj", "{56210B23-047F-40F9-A621-5DD05A20C0D0}"
EndProject
Global
	GlobalSection(SolutionConfigurationPlatforms) = preSolution
		Debug|x64 = Debug|x64
		Debug|x86 = Debug|x86
		Release|x64 = Release|x64
		Release|x86 = Release|x86
	EndGlobalSection
	GlobalSection(ProjectConfigurationPlatforms) = postSolution
		{56210B23-047F-40F9-A621-5DD05A20C0D0}.Debug|x64.ActiveCfg = Debug|x64
		{56210B23-047F-40F9-A621-5DD05A20C0D0}.Debug|x64.Build.0 = Debug|x64
		{56210B23-047F-40F9-A621-5DD05A20C0D0}.Debug|x86.ActiveCfg = Debug|Win32
		{56210B23-047F-40F9-A621-5DD05A20C0D0}.Debug|x86.Build.0 = Debug|Win32
		{56210B23-047F-40F9-A621-5DD05A20C0D0}.Release|x64.ActiveCfg = Release|x64
		{56210B23-047F-40F9-A621-5DD05A20C0D0}.Release|x64.Build.0 = Release|x64
		{56210B23-047F-40F9-A621-5DD05A20C0D0}.Release|x86.ActiveCfg = Release|Win32
		{56210B23-047F-40F9-A621-5DD05A20C0D0}.Release|x86.Build.0 = Release|Win32
	EndGlobalSection
	GlobalSection(SolutionProperties) = preSolution
		HideSolutionNode = FALSE
	EndGlobalSection
	GlobalSection(ExtensibilityGlobals) = postSolution
		SolutionGuid = {C12431B6-E029-4EB1-9E7C-8E74329EEB57}
	EndGlobalSection
EndGlobal
