
Microsoft Visual Studio Solution File, Format Version 12.00
# Visual Studio Version 17
VisualStudioVersion = 17.7.34031.279
MinimumVisualStudioVersion = 10.0.40219.1
Project("{8BC9CEB8-8B4A-11D0-8D11-00A0C91BC942}") = "Project15_23_11_16", "Project15_23_11_16.vcxproj", "{DCD0D35A-A31F-4C24-AA9A-33245B22BB5C}"
EndProject
Global
	GlobalSection(SolutionConfigurationPlatforms) = preSolution
		Debug|x64 = Debug|x64
		Debug|x86 = Debug|x86
		Release|x64 = Release|x64
		Release|x86 = Release|x86
	EndGlobalSection
	GlobalSection(ProjectConfigurationPlatforms) = postSolution
		{DCD0D35A-A31F-4C24-AA9A-33245B22BB5C}.Debug|x64.ActiveCfg = Debug|x64
		{DCD0D35A-A31F-4C24-AA9A-33245B22BB5C}.Debug|x64.Build.0 = Debug|x64
		{DCD0D35A-A31F-4C24-AA9A-33245B22BB5C}.Debug|x86.ActiveCfg = Debug|Win32
		{DCD0D35A-A31F-4C24-AA9A-33245B22BB5C}.Debug|x86.Build.0 = Debug|Win32
		{DCD0D35A-A31F-4C24-AA9A-33245B22BB5C}.Release|x64.ActiveCfg = Release|x64
		{DCD0D35A-A31F-4C24-AA9A-33245B22BB5C}.Release|x64.Build.0 = Release|x64
		{DCD0D35A-A31F-4C24-AA9A-33245B22BB5C}.Release|x86.ActiveCfg = Release|Win32
		{DCD0D35A-A31F-4C24-AA9A-33245B22BB5C}.Release|x86.Build.0 = Release|Win32
	EndGlobalSection
	GlobalSection(SolutionProperties) = preSolution
		HideSolutionNode = FALSE
	EndGlobalSection
	GlobalSection(ExtensibilityGlobals) = postSolution
		SolutionGuid = {9C2349F9-98B0-4843-9111-C8DE0D8C32ED}
	EndGlobalSection
EndGlobal
